// !$*UTF8*$!
{
	archiveVersion = 1;
	classes = {
	};
	objectVersion = 46;
	objects = {

/* Begin PBXBuildFile section */
		5C6602971D406F0300DE4EA9 /* main.m in Sources */ = {isa = PBXBuildFile; fileRef = 5C6602961D406F0300DE4EA9 /* main.m */; };
		5C66029A1D406F0300DE4EA9 /* AppDelegate.m in Sources */ = {isa = PBXBuildFile; fileRef = 5C6602991D406F0300DE4EA9 /* AppDelegate.m */; };
		5C66029D1D406F0300DE4EA9 /* ViewController.m in Sources */ = {isa = PBXBuildFile; fileRef = 5C66029C1D406F0300DE4EA9 /* ViewController.m */; };
		5C6602A01D406F0300DE4EA9 /* Main.storyboard in Resources */ = {isa = PBXBuildFile; fileRef = 5C66029E1D406F0300DE4EA9 /* Main.storyboard */; };
		5C6602A21D406F0300DE4EA9 /* Assets.xcassets in Resources */ = {isa = PBXBuildFile; fileRef = 5C6602A11D406F0300DE4EA9 /* Assets.xcassets */; };
		5C6602A51D406F0300DE4EA9 /* LaunchScreen.storyboard in Resources */ = {isa = PBXBuildFile; fileRef = 5C6602A31D406F0300DE4EA9 /* LaunchScreen.storyboard */; };
		5C6602B01D406F0300DE4EA9 /* RFCycleScrollViewDemoTests.m in Sources */ = {isa = PBXBuildFile; fileRef = 5C6602AF1D406F0300DE4EA9 /* RFCycleScrollViewDemoTests.m */; };
		5C6602BB1D406F0300DE4EA9 /* RFCycleScrollViewDemoUITests.m in Sources */ = {isa = PBXBuildFile; fileRef = 5C6602BA1D406F0300DE4EA9 /* RFCycleScrollViewDemoUITests.m */; };
		5C6602EC1D406F4900DE4EA9 /* MKAnnotationView+WebCache.m in Sources */ = {isa = PBXBuildFile; fileRef = 5C6602CC1D406F4900DE4EA9 /* MKAnnotationView+WebCache.m */; };
		5C6602ED1D406F4900DE4EA9 /* NSData+ImageContentType.m in Sources */ = {isa = PBXBuildFile; fileRef = 5C6602CE1D406F4900DE4EA9 /* NSData+ImageContentType.m */; };
		5C6602EE1D406F4900DE4EA9 /* SDImageCache.m in Sources */ = {isa = PBXBuildFile; fileRef = 5C6602D01D406F4900DE4EA9 /* SDImageCache.m */; };
		5C6602EF1D406F4900DE4EA9 /* SDWebImageCompat.m in Sources */ = {isa = PBXBuildFile; fileRef = 5C6602D21D406F4900DE4EA9 /* SDWebImageCompat.m */; };
		5C6602F01D406F4900DE4EA9 /* SDWebImageDecoder.m in Sources */ = {isa = PBXBuildFile; fileRef = 5C6602D41D406F4900DE4EA9 /* SDWebImageDecoder.m */; };
		5C6602F11D406F4900DE4EA9 /* SDWebImageDownloader.m in Sources */ = {isa = PBXBuildFile; fileRef = 5C6602D61D406F4900DE4EA9 /* SDWebImageDownloader.m */; };
		5C6602F21D406F4900DE4EA9 /* SDWebImageDownloaderOperation.m in Sources */ = {isa = PBXBuildFile; fileRef = 5C6602D81D406F4900DE4EA9 /* SDWebImageDownloaderOperation.m */; };
		5C6602F31D406F4900DE4EA9 /* SDWebImageManager.m in Sources */ = {isa = PBXBuildFile; fileRef = 5C6602DA1D406F4900DE4EA9 /* SDWebImageManager.m */; };
		5C6602F41D406F4900DE4EA9 /* SDWebImagePrefetcher.m in Sources */ = {isa = PBXBuildFile; fileRef = 5C6602DD1D406F4900DE4EA9 /* SDWebImagePrefetcher.m */; };
		5C6602F51D406F4900DE4EA9 /* UIButton+WebCache.m in Sources */ = {isa = PBXBuildFile; fileRef = 5C6602DF1D406F4900DE4EA9 /* UIButton+WebCache.m */; };
		5C6602F61D406F4900DE4EA9 /* UIImage+GIF.m in Sources */ = {isa = PBXBuildFile; fileRef = 5C6602E11D406F4900DE4EA9 /* UIImage+GIF.m */; };
		5C6602F71D406F4900DE4EA9 /* UIImage+MultiFormat.m in Sources */ = {isa = PBXBuildFile; fileRef = 5C6602E31D406F4900DE4EA9 /* UIImage+MultiFormat.m */; };
		5C6602F81D406F4900DE4EA9 /* UIImage+WebP.m in Sources */ = {isa = PBXBuildFile; fileRef = 5C6602E51D406F4900DE4EA9 /* UIImage+WebP.m */; };
		5C6602F91D406F4900DE4EA9 /* UIImageView+HighlightedWebCache.m in Sources */ = {isa = PBXBuildFile; fileRef = 5C6602E71D406F4900DE4EA9 /* UIImageView+HighlightedWebCache.m */; };
		5C6602FA1D406F4900DE4EA9 /* UIImageView+WebCache.m in Sources */ = {isa = PBXBuildFile; fileRef = 5C6602E91D406F4900DE4EA9 /* UIImageView+WebCache.m */; };
		5C6602FB1D406F4900DE4EA9 /* UIView+WebCacheOperation.m in Sources */ = {isa = PBXBuildFile; fileRef = 5C6602EB1D406F4900DE4EA9 /* UIView+WebCacheOperation.m */; };
		5C6602FE1D406F9100DE4EA9 /* RFCycleScrollView.m in Sources */ = {isa = PBXBuildFile; fileRef = 5C6602FD1D406F9100DE4EA9 /* RFCycleScrollView.m */; };
		5C6603011D406FAF00DE4EA9 /* RFCollectionViewCell.m in Sources */ = {isa = PBXBuildFile; fileRef = 5C6603001D406FAF00DE4EA9 /* RFCollectionViewCell.m */; };
		5C6603041D406FD900DE4EA9 /* UIView+RFAdd.m in Sources */ = {isa = PBXBuildFile; fileRef = 5C6603031D406FD900DE4EA9 /* UIView+RFAdd.m */; };
/* End PBXBuildFile section */

/* Begin PBXContainerItemProxy section */
		5C6602AC1D406F0300DE4EA9 /* PBXContainerItemProxy */ = {
			isa = PBXContainerItemProxy;
			containerPortal = 5C66028A1D406F0300DE4EA9 /* Project object */;
			proxyType = 1;
			remoteGlobalIDString = 5C6602911D406F0300DE4EA9;
			remoteInfo = RFCycleScrollViewDemo;
		};
		5C6602B71D406F0300DE4EA9 /* PBXContainerItemProxy */ = {
			isa = PBXContainerItemProxy;
			containerPortal = 5C66028A1D406F0300DE4EA9 /* Project object */;
			proxyType = 1;
			remoteGlobalIDString = 5C6602911D406F0300DE4EA9;
			remoteInfo = RFCycleScrollViewDemo;
		};
/* End PBXContainerItemProxy section */

/* Begin PBXFileReference section */
		5C6602921D406F0300DE4EA9 /* RFCycleScrollViewDemo.app */ = {isa = PBXFileReference; explicitFileType = wrapper.application; includeInIndex = 0; path = RFCycleScrollViewDemo.app; sourceTree = BUILT_PRODUCTS_DIR; };
		5C6602961D406F0300DE4EA9 /* main.m */ = {isa = PBXFileReference; lastKnownFileType = sourcecode.c.objc; path = main.m; sourceTree = "<group>"; };
		5C6602981D406F0300DE4EA9 /* AppDelegate.h */ = {isa = PBXFileReference; lastKnownFileType = sourcecode.c.h; path = AppDelegate.h; sourceTree = "<group>"; };
		5C6602991D406F0300DE4EA9 /* AppDelegate.m */ = {isa = PBXFileReference; lastKnownFileType = sourcecode.c.objc; path = AppDelegate.m; sourceTree = "<group>"; };
		5C66029B1D406F0300DE4EA9 /* ViewController.h */ = {isa = PBXFileReference; lastKnownFileType = sourcecode.c.h; path = ViewController.h; sourceTree = "<group>"; };
		5C66029C1D406F0300DE4EA9 /* ViewController.m */ = {isa = PBXFileReference; lastKnownFileType = sourcecode.c.objc; path = ViewController.m; sourceTree = "<group>"; };
		5C66029F1D406F0300DE4EA9 /* Base */ = {isa = PBXFileReference; lastKnownFileType = file.storyboard; name = Base; path = Base.lproj/Main.storyboard; sourceTree = "<group>"; };
		5C6602A11D406F0300DE4EA9 /* Assets.xcassets */ = {isa = PBXFileReference; lastKnownFileType = folder.assetcatalog; path = Assets.xcassets; sourceTree = "<group>"; };
		5C6602A41D406F0300DE4EA9 /* Base */ = {isa = PBXFileReference; lastKnownFileType = file.storyboard; name = Base; path = Base.lproj/LaunchScreen.storyboard; sourceTree = "<group>"; };
		5C6602A61D406F0300DE4EA9 /* Info.plist */ = {isa = PBXFileReference; lastKnownFileType = text.plist.xml; path = Info.plist; sourceTree = "<group>"; };
		5C6602AB1D406F0300DE4EA9 /* RFCycleScrollViewDemoTests.xctest */ = {isa = PBXFileReference; explicitFileType = wrapper.cfbundle; includeInIndex = 0; path = RFCycleScrollViewDemoTests.xctest; sourceTree = BUILT_PRODUCTS_DIR; };
		5C6602AF1D406F0300DE4EA9 /* RFCycleScrollViewDemoTests.m */ = {isa = PBXFileReference; lastKnownFileType = sourcecode.c.objc; path = RFCycleScrollViewDemoTests.m; sourceTree = "<group>"; };
		5C6602B11D406F0300DE4EA9 /* Info.plist */ = {isa = PBXFileReference; lastKnownFileType = text.plist.xml; path = Info.plist; sourceTree = "<group>"; };
		5C6602B61D406F0300DE4EA9 /* RFCycleScrollViewDemoUITests.xctest */ = {isa = PBXFileReference; explicitFileType = wrapper.cfbundle; includeInIndex = 0; path = RFCycleScrollViewDemoUITests.xctest; sourceTree = BUILT_PRODUCTS_DIR; };
		5C6602BA1D406F0300DE4EA9 /* RFCycleScrollViewDemoUITests.m */ = {isa = PBXFileReference; lastKnownFileType = sourcecode.c.objc; path = RFCycleScrollViewDemoUITests.m; sourceTree = "<group>"; };
		5C6602BC1D406F0300DE4EA9 /* Info.plist */ = {isa = PBXFileReference; lastKnownFileType = text.plist.xml; path = Info.plist; sourceTree = "<group>"; };
		5C6602CB1D406F4900DE4EA9 /* MKAnnotationView+WebCache.h */ = {isa = PBXFileReference; fileEncoding = 4; lastKnownFileType = sourcecode.c.h; path = "MKAnnotationView+WebCache.h"; sourceTree = "<group>"; };
		5C6602CC1D406F4900DE4EA9 /* MKAnnotationView+WebCache.m */ = {isa = PBXFileReference; fileEncoding = 4; lastKnownFileType = sourcecode.c.objc; path = "MKAnnotationView+WebCache.m"; sourceTree = "<group>"; };
		5C6602CD1D406F4900DE4EA9 /* NSData+ImageContentType.h */ = {isa = PBXFileReference; fileEncoding = 4; lastKnownFileType = sourcecode.c.h; path = "NSData+ImageContentType.h"; sourceTree = "<group>"; };
		5C6602CE1D406F4900DE4EA9 /* NSData+ImageContentType.m */ = {isa = PBXFileReference; fileEncoding = 4; lastKnownFileType = sourcecode.c.objc; path = "NSData+ImageContentType.m"; sourceTree = "<group>"; };
		5C6602CF1D406F4900DE4EA9 /* SDImageCache.h */ = {isa = PBXFileReference; fileEncoding = 4; lastKnownFileType = sourcecode.c.h; path = SDImageCache.h; sourceTree = "<group>"; };
		5C6602D01D406F4900DE4EA9 /* SDImageCache.m */ = {isa = PBXFileReference; fileEncoding = 4; lastKnownFileType = sourcecode.c.objc; path = SDImageCache.m; sourceTree = "<group>"; };
		5C6602D11D406F4900DE4EA9 /* SDWebImageCompat.h */ = {isa = PBXFileReference; fileEncoding = 4; lastKnownFileType = sourcecode.c.h; path = SDWebImageCompat.h; sourceTree = "<group>"; };
		5C6602D21D406F4900DE4EA9 /* SDWebImageCompat.m */ = {isa = PBXFileReference; fileEncoding = 4; lastKnownFileType = sourcecode.c.objc; path = SDWebImageCompat.m; sourceTree = "<group>"; };
		5C6602D31D406F4900DE4EA9 /* SDWebImageDecoder.h */ = {isa = PBXFileReference; fileEncoding = 4; lastKnownFileType = sourcecode.c.h; path = SDWebImageDecoder.h; sourceTree = "<group>"; };
		5C6602D41D406F4900DE4EA9 /* SDWebImageDecoder.m */ = {isa = PBXFileReference; fileEncoding = 4; lastKnownFileType = sourcecode.c.objc; path = SDWebImageDecoder.m; sourceTree = "<group>"; };
		5C6602D51D406F4900DE4EA9 /* SDWebImageDownloader.h */ = {isa = PBXFileReference; fileEncoding = 4; lastKnownFileType = sourcecode.c.h; path = SDWebImageDownloader.h; sourceTree = "<group>"; };
		5C6602D61D406F4900DE4EA9 /* SDWebImageDownloader.m */ = {isa = PBXFileReference; fileEncoding = 4; lastKnownFileType = sourcecode.c.objc; path = SDWebImageDownloader.m; sourceTree = "<group>"; };
		5C6602D71D406F4900DE4EA9 /* SDWebImageDownloaderOperation.h */ = {isa = PBXFileReference; fileEncoding = 4; lastKnownFileType = sourcecode.c.h; path = SDWebImageDownloaderOperation.h; sourceTree = "<group>"; };
		5C6602D81D406F4900DE4EA9 /* SDWebImageDownloaderOperation.m */ = {isa = PBXFileReference; fileEncoding = 4; lastKnownFileType = sourcecode.c.objc; path = SDWebImageDownloaderOperation.m; sourceTree = "<group>"; };
		5C6602D91D406F4900DE4EA9 /* SDWebImageManager.h */ = {isa = PBXFileReference; fileEncoding = 4; lastKnownFileType = sourcecode.c.h; path = SDWebImageManager.h; sourceTree = "<group>"; };
		5C6602DA1D406F4900DE4EA9 /* SDWebImageManager.m */ = {isa = PBXFileReference; fileEncoding = 4; lastKnownFileType = sourcecode.c.objc; path = SDWebImageManager.m; sourceTree = "<group>"; };
		5C6602DB1D406F4900DE4EA9 /* SDWebImageOperation.h */ = {isa = PBXFileReference; fileEncoding = 4; lastKnownFileType = sourcecode.c.h; path = SDWebImageOperation.h; sourceTree = "<group>"; };
		5C6602DC1D406F4900DE4EA9 /* SDWebImagePrefetcher.h */ = {isa = PBXFileReference; fileEncoding = 4; lastKnownFileType = sourcecode.c.h; path = SDWebImagePrefetcher.h; sourceTree = "<group>"; };
		5C6602DD1D406F4900DE4EA9 /* SDWebImagePrefetcher.m */ = {isa = PBXFileReference; fileEncoding = 4; lastKnownFileType = sourcecode.c.objc; path = SDWebImagePrefetcher.m; sourceTree = "<group>"; };
		5C6602DE1D406F4900DE4EA9 /* UIButton+WebCache.h */ = {isa = PBXFileReference; fileEncoding = 4; lastKnownFileType = sourcecode.c.h; path = "UIButton+WebCache.h"; sourceTree = "<group>"; };
		5C6602DF1D406F4900DE4EA9 /* UIButton+WebCache.m */ = {isa = PBXFileReference; fileEncoding = 4; lastKnownFileType = sourcecode.c.objc; path = "UIButton+WebCache.m"; sourceTree = "<group>"; };
		5C6602E01D406F4900DE4EA9 /* UIImage+GIF.h */ = {isa = PBXFileReference; fileEncoding = 4; lastKnownFileType = sourcecode.c.h; path = "UIImage+GIF.h"; sourceTree = "<group>"; };
		5C6602E11D406F4900DE4EA9 /* UIImage+GIF.m */ = {isa = PBXFileReference; fileEncoding = 4; lastKnownFileType = sourcecode.c.objc; path = "UIImage+GIF.m"; sourceTree = "<group>"; };
		5C6602E21D406F4900DE4EA9 /* UIImage+MultiFormat.h */ = {isa = PBXFileReference; fileEncoding = 4; lastKnownFileType = sourcecode.c.h; path = "UIImage+MultiFormat.h"; sourceTree = "<group>"; };
		5C6602E31D406F4900DE4EA9 /* UIImage+MultiFormat.m */ = {isa = PBXFileReference; fileEncoding = 4; lastKnownFileType = sourcecode.c.objc; path = "UIImage+MultiFormat.m"; sourceTree = "<group>"; };
		5C6602E41D406F4900DE4EA9 /* UIImage+WebP.h */ = {isa = PBXFileReference; fileEncoding = 4; lastKnownFileType = sourcecode.c.h; path = "UIImage+WebP.h"; sourceTree = "<group>"; };
		5C6602E51D406F4900DE4EA9 /* UIImage+WebP.m */ = {isa = PBXFileReference; fileEncoding = 4; lastKnownFileType = sourcecode.c.objc; path = "UIImage+WebP.m"; sourceTree = "<group>"; };
		5C6602E61D406F4900DE4EA9 /* UIImageView+HighlightedWebCache.h */ = {isa = PBXFileReference; fileEncoding = 4; lastKnownFileType = sourcecode.c.h; path = "UIImageView+HighlightedWebCache.h"; sourceTree = "<group>"; };
		5C6602E71D406F4900DE4EA9 /* UIImageView+HighlightedWebCache.m */ = {isa = PBXFileReference; fileEncoding = 4; lastKnownFileType = sourcecode.c.objc; path = "UIImageView+HighlightedWebCache.m"; sourceTree = "<group>"; };
		5C6602E81D406F4900DE4EA9 /* UIImageView+WebCache.h */ = {isa = PBXFileReference; fileEncoding = 4; lastKnownFileType = sourcecode.c.h; path = "UIImageView+WebCache.h"; sourceTree = "<group>"; };
		5C6602E91D406F4900DE4EA9 /* UIImageView+WebCache.m */ = {isa = PBXFileReference; fileEncoding = 4; lastKnownFileType = sourcecode.c.objc; path = "UIImageView+WebCache.m"; sourceTree = "<group>"; };
		5C6602EA1D406F4900DE4EA9 /* UIView+WebCacheOperation.h */ = {isa = PBXFileReference; fileEncoding = 4; lastKnownFileType = sourcecode.c.h; path = "UIView+WebCacheOperation.h"; sourceTree = "<group>"; };
		5C6602EB1D406F4900DE4EA9 /* UIView+WebCacheOperation.m */ = {isa = PBXFileReference; fileEncoding = 4; lastKnownFileType = sourcecode.c.objc; path = "UIView+WebCacheOperation.m"; sourceTree = "<group>"; };
		5C6602FC1D406F9100DE4EA9 /* RFCycleScrollView.h */ = {isa = PBXFileReference; fileEncoding = 4; lastKnownFileType = sourcecode.c.h; path = RFCycleScrollView.h; sourceTree = "<group>"; };
		5C6602FD1D406F9100DE4EA9 /* RFCycleScrollView.m */ = {isa = PBXFileReference; fileEncoding = 4; lastKnownFileType = sourcecode.c.objc; path = RFCycleScrollView.m; sourceTree = "<group>"; };
		5C6602FF1D406FAF00DE4EA9 /* RFCollectionViewCell.h */ = {isa = PBXFileReference; fileEncoding = 4; lastKnownFileType = sourcecode.c.h; path = RFCollectionViewCell.h; sourceTree = "<group>"; };
		5C6603001D406FAF00DE4EA9 /* RFCollectionViewCell.m */ = {isa = PBXFileReference; fileEncoding = 4; lastKnownFileType = sourcecode.c.objc; path = RFCollectionViewCell.m; sourceTree = "<group>"; };
		5C6603021D406FD900DE4EA9 /* UIView+RFAdd.h */ = {isa = PBXFileReference; fileEncoding = 4; lastKnownFileType = sourcecode.c.h; name = "UIView+RFAdd.h"; path = "../UIView+RFAdd.h"; sourceTree = "<group>"; };
		5C6603031D406FD900DE4EA9 /* UIView+RFAdd.m */ = {isa = PBXFileReference; fileEncoding = 4; lastKnownFileType = sourcecode.c.objc; name = "UIView+RFAdd.m"; path = "../UIView+RFAdd.m"; sourceTree = "<group>"; };
/* End PBXFileReference section */

/* Begin PBXFrameworksBuildPhase section */
		5C66028F1D406F0300DE4EA9 /* Frameworks */ = {
			isa = PBXFrameworksBuildPhase;
			buildActionMask = 2147483647;
			files = (
			);
			runOnlyForDeploymentPostprocessing = 0;
		};
		5C6602A81D406F0300DE4EA9 /* Frameworks */ = {
			isa = PBXFrameworksBuildPhase;
			buildActionMask = 2147483647;
			files = (
			);
			runOnlyForDeploymentPostprocessing = 0;
		};
		5C6602B31D406F0300DE4EA9 /* Frameworks */ = {
			isa = PBXFrameworksBuildPhase;
			buildActionMask = 2147483647;
			files = (
			);
			runOnlyForDeploymentPostprocessing = 0;
		};
/* End PBXFrameworksBuildPhase section */

/* Begin PBXGroup section */
		5C6602891D406F0300DE4EA9 = {
			isa = PBXGroup;
			children = (
				5C6602941D406F0300DE4EA9 /* RFCycleScrollViewDemo */,
				5C6602AE1D406F0300DE4EA9 /* RFCycleScrollViewDemoTests */,
				5C6602B91D406F0300DE4EA9 /* RFCycleScrollViewDemoUITests */,
				5C6602931D406F0300DE4EA9 /* Products */,
			);
			sourceTree = "<group>";
		};
		5C6602931D406F0300DE4EA9 /* Products */ = {
			isa = PBXGroup;
			children = (
				5C6602921D406F0300DE4EA9 /* RFCycleScrollViewDemo.app */,
				5C6602AB1D406F0300DE4EA9 /* RFCycleScrollViewDemoTests.xctest */,
				5C6602B61D406F0300DE4EA9 /* RFCycleScrollViewDemoUITests.xctest */,
			);
			name = Products;
			sourceTree = "<group>";
		};
		5C6602941D406F0300DE4EA9 /* RFCycleScrollViewDemo */ = {
			isa = PBXGroup;
			children = (
				5C6602C91D406F4000DE4EA9 /* Libs */,
				5C6602C81D406F3200DE4EA9 /* RFCycleScrollView */,
				5C6602981D406F0300DE4EA9 /* AppDelegate.h */,
				5C6602991D406F0300DE4EA9 /* AppDelegate.m */,
				5C66029B1D406F0300DE4EA9 /* ViewController.h */,
				5C66029C1D406F0300DE4EA9 /* ViewController.m */,
				5C66029E1D406F0300DE4EA9 /* Main.storyboard */,
				5C6602A11D406F0300DE4EA9 /* Assets.xcassets */,
				5C6602A31D406F0300DE4EA9 /* LaunchScreen.storyboard */,
				5C6602A61D406F0300DE4EA9 /* Info.plist */,
				5C6602951D406F0300DE4EA9 /* Supporting Files */,
			);
			path = RFCycleScrollViewDemo;
			sourceTree = "<group>";
		};
		5C6602951D406F0300DE4EA9 /* Supporting Files */ = {
			isa = PBXGroup;
			children = (
				5C6602961D406F0300DE4EA9 /* main.m */,
			);
			name = "Supporting Files";
			sourceTree = "<group>";
		};
		5C6602AE1D406F0300DE4EA9 /* RFCycleScrollViewDemoTests */ = {
			isa = PBXGroup;
			children = (
				5C6602AF1D406F0300DE4EA9 /* RFCycleScrollViewDemoTests.m */,
				5C6602B11D406F0300DE4EA9 /* Info.plist */,
			);
			path = RFCycleScrollViewDemoTests;
			sourceTree = "<group>";
		};
		5C6602B91D406F0300DE4EA9 /* RFCycleScrollViewDemoUITests */ = {
			isa = PBXGroup;
			children = (
				5C6602BA1D406F0300DE4EA9 /* RFCycleScrollViewDemoUITests.m */,
				5C6602BC1D406F0300DE4EA9 /* Info.plist */,
			);
			path = RFCycleScrollViewDemoUITests;
			sourceTree = "<group>";
		};
		5C6602C81D406F3200DE4EA9 /* RFCycleScrollView */ = {
			isa = PBXGroup;
			children = (
				5C6603021D406FD900DE4EA9 /* UIView+RFAdd.h */,
				5C6603031D406FD900DE4EA9 /* UIView+RFAdd.m */,
				5C6602FC1D406F9100DE4EA9 /* RFCycleScrollView.h */,
				5C6602FD1D406F9100DE4EA9 /* RFCycleScrollView.m */,
				5C6602FF1D406FAF00DE4EA9 /* RFCollectionViewCell.h */,
				5C6603001D406FAF00DE4EA9 /* RFCollectionViewCell.m */,
			);
			path = RFCycleScrollView;
			sourceTree = "<group>";
		};
		5C6602C91D406F4000DE4EA9 /* Libs */ = {
			isa = PBXGroup;
			children = (
				5C6602CA1D406F4900DE4EA9 /* SDWebImage */,
			);
			path = Libs;
			sourceTree = "<group>";
		};
		5C6602CA1D406F4900DE4EA9 /* SDWebImage */ = {
			isa = PBXGroup;
			children = (
				5C6602CB1D406F4900DE4EA9 /* MKAnnotationView+WebCache.h */,
				5C6602CC1D406F4900DE4EA9 /* MKAnnotationView+WebCache.m */,
				5C6602CD1D406F4900DE4EA9 /* NSData+ImageContentType.h */,
				5C6602CE1D406F4900DE4EA9 /* NSData+ImageContentType.m */,
				5C6602CF1D406F4900DE4EA9 /* SDImageCache.h */,
				5C6602D01D406F4900DE4EA9 /* SDImageCache.m */,
				5C6602D11D406F4900DE4EA9 /* SDWebImageCompat.h */,
				5C6602D21D406F4900DE4EA9 /* SDWebImageCompat.m */,
				5C6602D31D406F4900DE4EA9 /* SDWebImageDecoder.h */,
				5C6602D41D406F4900DE4EA9 /* SDWebImageDecoder.m */,
				5C6602D51D406F4900DE4EA9 /* SDWebImageDownloader.h */,
				5C6602D61D406F4900DE4EA9 /* SDWebImageDownloader.m */,
				5C6602D71D406F4900DE4EA9 /* SDWebImageDownloaderOperation.h */,
				5C6602D81D406F4900DE4EA9 /* SDWebImageDownloaderOperation.m */,
				5C6602D91D406F4900DE4EA9 /* SDWebImageManager.h */,
				5C6602DA1D406F4900DE4EA9 /* SDWebImageManager.m */,
				5C6602DB1D406F4900DE4EA9 /* SDWebImageOperation.h */,
				5C6602DC1D406F4900DE4EA9 /* SDWebImagePrefetcher.h */,
				5C6602DD1D406F4900DE4EA9 /* SDWebImagePrefetcher.m */,
				5C6602DE1D406F4900DE4EA9 /* UIButton+WebCache.h */,
				5C6602DF1D406F4900DE4EA9 /* UIButton+WebCache.m */,
				5C6602E01D406F4900DE4EA9 /* UIImage+GIF.h */,
				5C6602E11D406F4900DE4EA9 /* UIImage+GIF.m */,
				5C6602E21D406F4900DE4EA9 /* UIImage+MultiFormat.h */,
				5C6602E31D406F4900DE4EA9 /* UIImage+MultiFormat.m */,
				5C6602E41D406F4900DE4EA9 /* UIImage+WebP.h */,
				5C6602E51D406F4900DE4EA9 /* UIImage+WebP.m */,
				5C6602E61D406F4900DE4EA9 /* UIImageView+HighlightedWebCache.h */,
				5C6602E71D406F4900DE4EA9 /* UIImageView+HighlightedWebCache.m */,
				5C6602E81D406F4900DE4EA9 /* UIImageView+WebCache.h */,
				5C6602E91D406F4900DE4EA9 /* UIImageView+WebCache.m */,
				5C6602EA1D406F4900DE4EA9 /* UIView+WebCacheOperation.h */,
				5C6602EB1D406F4900DE4EA9 /* UIView+WebCacheOperation.m */,
			);
			path = SDWebImage;
			sourceTree = "<group>";
		};
/* End PBXGroup section */

/* Begin PBXNativeTarget section */
		5C6602911D406F0300DE4EA9 /* RFCycleScrollViewDemo */ = {
			isa = PBXNativeTarget;
			buildConfigurationList = 5C6602BF1D406F0300DE4EA9 /* Build configuration list for PBXNativeTarget "RFCycleScrollViewDemo" */;
			buildPhases = (
				5C66028E1D406F0300DE4EA9 /* Sources */,
				5C66028F1D406F0300DE4EA9 /* Frameworks */,
				5C6602901D406F0300DE4EA9 /* Resources */,
			);
			buildRules = (
			);
			dependencies = (
			);
			name = RFCycleScrollViewDemo;
			productName = RFCycleScrollViewDemo;
			productReference = 5C6602921D406F0300DE4EA9 /* RFCycleScrollViewDemo.app */;
			productType = "com.apple.product-type.application";
		};
		5C6602AA1D406F0300DE4EA9 /* RFCycleScrollViewDemoTests */ = {
			isa = PBXNativeTarget;
			buildConfigurationList = 5C6602C21D406F0300DE4EA9 /* Build configuration list for PBXNativeTarget "RFCycleScrollViewDemoTests" */;
			buildPhases = (
				5C6602A71D406F0300DE4EA9 /* Sources */,
				5C6602A81D406F0300DE4EA9 /* Frameworks */,
				5C6602A91D406F0300DE4EA9 /* Resources */,
			);
			buildRules = (
			);
			dependencies = (
				5C6602AD1D406F0300DE4EA9 /* PBXTargetDependency */,
			);
			name = RFCycleScrollViewDemoTests;
			productName = RFCycleScrollViewDemoTests;
			productReference = 5C6602AB1D406F0300DE4EA9 /* RFCycleScrollViewDemoTests.xctest */;
			productType = "com.apple.product-type.bundle.unit-test";
		};
		5C6602B51D406F0300DE4EA9 /* RFCycleScrollViewDemoUITests */ = {
			isa = PBXNativeTarget;
			buildConfigurationList = 5C6602C51D406F0300DE4EA9 /* Build configuration list for PBXNativeTarget "RFCycleScrollViewDemoUITests" */;
			buildPhases = (
				5C6602B21D406F0300DE4EA9 /* Sources */,
				5C6602B31D406F0300DE4EA9 /* Frameworks */,
				5C6602B41D406F0300DE4EA9 /* Resources */,
			);
			buildRules = (
			);
			dependencies = (
				5C6602B81D406F0300DE4EA9 /* PBXTargetDependency */,
			);
			name = RFCycleScrollViewDemoUITests;
			productName = RFCycleScrollViewDemoUITests;
			productReference = 5C6602B61D406F0300DE4EA9 /* RFCycleScrollViewDemoUITests.xctest */;
			productType = "com.apple.product-type.bundle.ui-testing";
		};
/* End PBXNativeTarget section */

/* Begin PBXProject section */
		5C66028A1D406F0300DE4EA9 /* Project object */ = {
			isa = PBXProject;
			attributes = {
				LastUpgradeCheck = 0730;
				ORGANIZATIONNAME = RockyFung;
				TargetAttributes = {
					5C6602911D406F0300DE4EA9 = {
						CreatedOnToolsVersion = 7.3.1;
					};
					5C6602AA1D406F0300DE4EA9 = {
						CreatedOnToolsVersion = 7.3.1;
						TestTargetID = 5C6602911D406F0300DE4EA9;
					};
					5C6602B51D406F0300DE4EA9 = {
						CreatedOnToolsVersion = 7.3.1;
						TestTargetID = 5C6602911D406F0300DE4EA9;
					};
				};
			};
			buildConfigurationList = 5C66028D1D406F0300DE4EA9 /* Build configuration list for PBXProject "RFCycleScrollViewDemo" */;
			compatibilityVersion = "Xcode 3.2";
			developmentRegion = English;
			hasScannedForEncodings = 0;
			knownRegions = (
				en,
				Base,
			);
			mainGroup = 5C6602891D406F0300DE4EA9;
			productRefGroup = 5C6602931D406F0300DE4EA9 /* Products */;
			projectDirPath = "";
			projectRoot = "";
			targets = (
				5C6602911D406F0300DE4EA9 /* RFCycleScrollViewDemo */,
				5C6602AA1D406F0300DE4EA9 /* RFCycleScrollViewDemoTests */,
				5C6602B51D406F0300DE4EA9 /* RFCycleScrollViewDemoUITests */,
			);
		};
/* End PBXProject section */

/* Begin PBXResourcesBuildPhase section */
		5C6602901D406F0300DE4EA9 /* Resources */ = {
			isa = PBXResourcesBuildPhase;
			buildActionMask = 2147483647;
			files = (
				5C6602A51D406F0300DE4EA9 /* LaunchScreen.storyboard in Resources */,
				5C6602A21D406F0300DE4EA9 /* Assets.xcassets in Resources */,
				5C6602A01D406F0300DE4EA9 /* Main.storyboard in Resources */,
			);
			runOnlyForDeploymentPostprocessing = 0;
		};
		5C6602A91D406F0300DE4EA9 /* Resources */ = {
			isa = PBXResourcesBuildPhase;
			buildActionMask = 2147483647;
			files = (
			);
			runOnlyForDeploymentPostprocessing = 0;
		};
		5C6602B41D406F0300DE4EA9 /* Resources */ = {
			isa = PBXResourcesBuildPhase;
			buildActionMask = 2147483647;
			files = (
			);
			runOnlyForDeploymentPostprocessing = 0;
		};
/* End PBXResourcesBuildPhase section */

/* Begin PBXSourcesBuildPhase section */
		5C66028E1D406F0300DE4EA9 /* Sources */ = {
			isa = PBXSourcesBuildPhase;
			buildActionMask = 2147483647;
			files = (
				5C6602F91D406F4900DE4EA9 /* UIImageView+HighlightedWebCache.m in Sources */,
				5C6602ED1D406F4900DE4EA9 /* NSData+ImageContentType.m in Sources */,
				5C6602F31D406F4900DE4EA9 /* SDWebImageManager.m in Sources */,
				5C6602F11D406F4900DE4EA9 /* SDWebImageDownloader.m in Sources */,
				5C6602F81D406F4900DE4EA9 /* UIImage+WebP.m in Sources */,
				5C6602FB1D406F4900DE4EA9 /* UIView+WebCacheOperation.m in Sources */,
				5C6603011D406FAF00DE4EA9 /* RFCollectionViewCell.m in Sources */,
				5C6602EE1D406F4900DE4EA9 /* SDImageCache.m in Sources */,
				5C66029D1D406F0300DE4EA9 /* ViewController.m in Sources */,
				5C6602FE1D406F9100DE4EA9 /* RFCycleScrollView.m in Sources */,
				5C6603041D406FD900DE4EA9 /* UIView+RFAdd.m in Sources */,
				5C6602EC1D406F4900DE4EA9 /* MKAnnotationView+WebCache.m in Sources */,
				5C6602F01D406F4900DE4EA9 /* SDWebImageDecoder.m in Sources */,
				5C6602F71D406F4900DE4EA9 /* UIImage+MultiFormat.m in Sources */,
				5C6602F21D406F4900DE4EA9 /* SDWebImageDownloaderOperation.m in Sources */,
				5C66029A1D406F0300DE4EA9 /* AppDelegate.m in Sources */,
				5C6602F51D406F4900DE4EA9 /* UIButton+WebCache.m in Sources */,
				5C6602F41D406F4900DE4EA9 /* SDWebImagePrefetcher.m in Sources */,
				5C6602FA1D406F4900DE4EA9 /* UIImageView+WebCache.m in Sources */,
				5C6602EF1D406F4900DE4EA9 /* SDWebImageCompat.m in Sources */,
				5C6602F61D406F4900DE4EA9 /* UIImage+GIF.m in Sources */,
				5C6602971D406F0300DE4EA9 /* main.m in Sources */,
			);
			runOnlyForDeploymentPostprocessing = 0;
		};
		5C6602A71D406F0300DE4EA9 /* Sources */ = {
			isa = PBXSourcesBuildPhase;
			buildActionMask = 2147483647;
			files = (
				5C6602B01D406F0300DE4EA9 /* RFCycleScrollViewDemoTests.m in Sources */,
			);
			runOnlyForDeploymentPostprocessing = 0;
		};
		5C6602B21D406F0300DE4EA9 /* Sources */ = {
			isa = PBXSourcesBuildPhase;
			buildActionMask = 2147483647;
			files = (
				5C6602BB1D406F0300DE4EA9 /* RFCycleScrollViewDemoUITests.m in Sources */,
			);
			runOnlyForDeploymentPostprocessing = 0;
		};
/* End PBXSourcesBuildPhase section */

/* Begin PBXTargetDependency section */
		5C6602AD1D406F0300DE4EA9 /* PBXTargetDependency */ = {
			isa = PBXTargetDependency;
			target = 5C6602911D406F0300DE4EA9 /* RFCycleScrollViewDemo */;
			targetProxy = 5C6602AC1D406F0300DE4EA9 /* PBXContainerItemProxy */;
		};
		5C6602B81D406F0300DE4EA9 /* PBXTargetDependency */ = {
			isa = PBXTargetDependency;
			target = 5C6602911D406F0300DE4EA9 /* RFCycleScrollViewDemo */;
			targetProxy = 5C6602B71D406F0300DE4EA9 /* PBXContainerItemProxy */;
		};
/* End PBXTargetDependency section */

/* Begin PBXVariantGroup section */
		5C66029E1D406F0300DE4EA9 /* Main.storyboard */ = {
			isa = PBXVariantGroup;
			children = (
				5C66029F1D406F0300DE4EA9 /* Base */,
			);
			name = Main.storyboard;
			sourceTree = "<group>";
		};
		5C6602A31D406F0300DE4EA9 /* LaunchScreen.storyboard */ = {
			isa = PBXVariantGroup;
			children = (
				5C6602A41D406F0300DE4EA9 /* Base */,
			);
			name = LaunchScreen.storyboard;
			sourceTree = "<group>";
		};
/* End PBXVariantGroup section */

/* Begin XCBuildConfiguration section */
		5C6602BD1D406F0300DE4EA9 /* Debug */ = {
			isa = XCBuildConfiguration;
			buildSettings = {
				ALWAYS_SEARCH_USER_PATHS = NO;
				CLANG_ANALYZER_NONNULL = YES;
				CLANG_CXX_LANGUAGE_STANDARD = "gnu++0x";
				CLANG_CXX_LIBRARY = "libc++";
				CLANG_ENABLE_MODULES = YES;
				CLANG_ENABLE_OBJC_ARC = YES;
				CLANG_WARN_BOOL_CONVERSION = YES;
				CLANG_WARN_CONSTANT_CONVERSION = YES;
				CLANG_WARN_DIRECT_OBJC_ISA_USAGE = YES_ERROR;
				CLANG_WARN_EMPTY_BODY = YES;
				CLANG_WARN_ENUM_CONVERSION = YES;
				CLANG_WARN_INT_CONVERSION = YES;
				CLANG_WARN_OBJC_ROOT_CLASS = YES_ERROR;
				CLANG_WARN_UNREACHABLE_CODE = YES;
				CLANG_WARN__DUPLICATE_METHOD_MATCH = YES;
				"CODE_SIGN_IDENTITY[sdk=iphoneos*]" = "iPhone Developer";
				COPY_PHASE_STRIP = NO;
				DEBUG_INFORMATION_FORMAT = dwarf;
				ENABLE_STRICT_OBJC_MSGSEND = YES;
				ENABLE_TESTABILITY = YES;
				GCC_C_LANGUAGE_STANDARD = gnu99;
				GCC_DYNAMIC_NO_PIC = NO;
				GCC_NO_COMMON_BLOCKS = YES;
				GCC_OPTIMIZATION_LEVEL = 0;
				GCC_PREPROCESSOR_DEFINITIONS = (
					"DEBUG=1",
					"$(inherited)",
				);
				GCC_WARN_64_TO_32_BIT_CONVERSION = YES;
				GCC_WARN_ABOUT_RETURN_TYPE = YES_ERROR;
				GCC_WARN_UNDECLARED_SELECTOR = YES;
				GCC_WARN_UNINITIALIZED_AUTOS = YES_AGGRESSIVE;
				GCC_WARN_UNUSED_FUNCTION = YES;
				GCC_WARN_UNUSED_VARIABLE = YES;
				IPHONEOS_DEPLOYMENT_TARGET = 9.3;
				MTL_ENABLE_DEBUG_INFO = YES;
				ONLY_ACTIVE_ARCH = YES;
				SDKROOT = iphoneos;
				TARGETED_DEVICE_FAMILY = "1,2";
			};
			name = Debug;
		};
		5C6602BE1D406F0300DE4EA9 /* Release */ = {
			isa = XCBuildConfiguration;
			buildSettings = {
				ALWAYS_SEARCH_USER_PATHS = NO;
				CLANG_ANALYZER_NONNULL = YES;
				CLANG_CXX_LANGUAGE_STANDARD = "gnu++0x";
				CLANG_CXX_LIBRARY = "libc++";
				CLANG_ENABLE_MODULES = YES;
				CLANG_ENABLE_OBJC_ARC = YES;
				CLANG_WARN_BOOL_CONVERSION = YES;
				CLANG_WARN_CONSTANT_CONVERSION = YES;
				CLANG_WARN_DIRECT_OBJC_ISA_USAGE = YES_ERROR;
				CLANG_WARN_EMPTY_BODY = YES;
				CLANG_WARN_ENUM_CONVERSION = YES;
				CLANG_WARN_INT_CONVERSION = YES;
				CLANG_WARN_OBJC_ROOT_CLASS = YES_ERROR;
				CLANG_WARN_UNREACHABLE_CODE = YES;
				CLANG_WARN__DUPLICATE_METHOD_MATCH = YES;
				"CODE_SIGN_IDENTITY[sdk=iphoneos*]" = "iPhone Developer";
				COPY_PHASE_STRIP = NO;
				DEBUG_INFORMATION_FORMAT = "dwarf-with-dsym";
				ENABLE_NS_ASSERTIONS = NO;
				ENABLE_STRICT_OBJC_MSGSEND = YES;
				GCC_C_LANGUAGE_STANDARD = gnu99;
				GCC_NO_COMMON_BLOCKS = YES;
				GCC_WARN_64_TO_32_BIT_CONVERSION = YES;
				GCC_WARN_ABOUT_RETURN_TYPE = YES_ERROR;
				GCC_WARN_UNDECLARED_SELECTOR = YES;
				GCC_WARN_UNINITIALIZED_AUTOS = YES_AGGRESSIVE;
				GCC_WARN_UNUSED_FUNCTION = YES;
				GCC_WARN_UNUSED_VARIABLE = YES;
				IPHONEOS_DEPLOYMENT_TARGET = 9.3;
				MTL_ENABLE_DEBUG_INFO = NO;
				SDKROOT = iphoneos;
				TARGETED_DEVICE_FAMILY = "1,2";
				VALIDATE_PRODUCT = YES;
			};
			name = Release;
		};
		5C6602C01D406F0300DE4EA9 /* Debug */ = {
			isa = XCBuildConfiguration;
			buildSettings = {
				ASSETCATALOG_COMPILER_APPICON_NAME = AppIcon;
				INFOPLIST_FILE = RFCycleScrollViewDemo/Info.plist;
				LD_RUNPATH_SEARCH_PATHS = "$(inherited) @executable_path/Frameworks";
				PRODUCT_BUNDLE_IDENTIFIER = RockyFung.RFCycleScrollViewDemo;
				PRODUCT_NAME = "$(TARGET_NAME)";
			};
			name = Debug;
		};
		5C6602C11D406F0300DE4EA9 /* Release */ = {
			isa = XCBuildConfiguration;
			buildSettings = {
				ASSETCATALOG_COMPILER_APPICON_NAME = AppIcon;
				INFOPLIST_FILE = RFCycleScrollViewDemo/Info.plist;
				LD_RUNPATH_SEARCH_PATHS = "$(inherited) @executable_path/Frameworks";
				PRODUCT_BUNDLE_IDENTIFIER = RockyFung.RFCycleScrollViewDemo;
				PRODUCT_NAME = "$(TARGET_NAME)";
			};
			name = Release;
		};
		5C6602C31D406F0300DE4EA9 /* Debug */ = {
			isa = XCBuildConfiguration;
			buildSettings = {
				BUNDLE_LOADER = "$(TEST_HOST)";
				INFOPLIST_FILE = RFCycleScrollViewDemoTests/Info.plist;
				LD_RUNPATH_SEARCH_PATHS = "$(inherited) @executable_path/Frameworks @loader_path/Frameworks";
				PRODUCT_BUNDLE_IDENTIFIER = RockyFung.RFCycleScrollViewDemoTests;
				PRODUCT_NAME = "$(TARGET_NAME)";
				TEST_HOST = "$(BUILT_PRODUCTS_DIR)/RFCycleScrollViewDemo.app/RFCycleScrollViewDemo";
			};
			name = Debug;
		};
		5C6602C41D406F0300DE4EA9 /* Release */ = {
			isa = XCBuildConfiguration;
			buildSettings = {
				BUNDLE_LOADER = "$(TEST_HOST)";
				INFOPLIST_FILE = RFCycleScrollViewDemoTests/Info.plist;
				LD_RUNPATH_SEARCH_PATHS = "$(inherited) @executable_path/Frameworks @loader_path/Frameworks";
				PRODUCT_BUNDLE_IDENTIFIER = RockyFung.RFCycleScrollViewDemoTests;
				PRODUCT_NAME = "$(TARGET_NAME)";
				TEST_HOST = "$(BUILT_PRODUCTS_DIR)/RFCycleScrollViewDemo.app/RFCycleScrollViewDemo";
			};
			name = Release;
		};
		5C6602C61D406F0300DE4EA9 /* Debug */ = {
			isa = XCBuildConfiguration;
			buildSettings = {
				INFOPLIST_FILE = RFCycleScrollViewDemoUITests/Info.plist;
				LD_RUNPATH_SEARCH_PATHS = "$(inherited) @executable_path/Frameworks @loader_path/Frameworks";
				PRODUCT_BUNDLE_IDENTIFIER = RockyFung.RFCycleScrollViewDemoUITests;
				PRODUCT_NAME = "$(TARGET_NAME)";
				TEST_TARGET_NAME = RFCycleScrollViewDemo;
			};
			name = Debug;
		};
		5C6602C71D406F0300DE4EA9 /* Release */ = {
			isa = XCBuildConfiguration;
			buildSettings = {
				INFOPLIST_FILE = RFCycleScrollViewDemoUITests/Info.plist;
				LD_RUNPATH_SEARCH_PATHS = "$(inherited) @executable_path/Frameworks @loader_path/Frameworks";
				PRODUCT_BUNDLE_IDENTIFIER = RockyFung.RFCycleScrollViewDemoUITests;
				PRODUCT_NAME = "$(TARGET_NAME)";
				TEST_TARGET_NAME = RFCycleScrollViewDemo;
			};
			name = Release;
		};
/* End XCBuildConfiguration section */

/* Begin XCConfigurationList section */
		5C66028D1D406F0300DE4EA9 /* Build configuration list for PBXProject "RFCycleScrollViewDemo" */ = {
			isa = XCConfigurationList;
			buildConfigurations = (
				5C6602BD1D406F0300DE4EA9 /* Debug */,
				5C6602BE1D406F0300DE4EA9 /* Release */,
			);
			defaultConfigurationIsVisible = 0;
			defaultConfigurationName = Release;
		};
		5C6602BF1D406F0300DE4EA9 /* Build configuration list for PBXNativeTarget "RFCycleScrollViewDemo" */ = {
			isa = XCConfigurationList;
			buildConfigurations = (
				5C6602C01D406F0300DE4EA9 /* Debug */,
				5C6602C11D406F0300DE4EA9 /* Release */,
			);
			defaultConfigurationIsVisible = 0;
		};
		5C6602C21D406F0300DE4EA9 /* Build configuration list for PBXNativeTarget "RFCycleScrollViewDemoTests" */ = {
			isa = XCConfigurationList;
			buildConfigurations = (
				5C6602C31D406F0300DE4EA9 /* Debug */,
				5C6602C41D406F0300DE4EA9 /* Release */,
			);
			defaultConfigurationIsVisible = 0;
		};
		5C6602C51D406F0300DE4EA9 /* Build configuration list for PBXNativeTarget "RFCycleScrollViewDemoUITests" */ = {
			isa = XCConfigurationList;
			buildConfigurations = (
				5C6602C61D406F0300DE4EA9 /* Debug */,
				5C6602C71D406F0300DE4EA9 /* Release */,
			);
			defaultConfigurationIsVisible = 0;
		};
/* End XCConfigurationList section */
	};
	rootObject = 5C66028A1D406F0300DE4EA9 /* Project object */;
}
